# This file is automatically @generated by Cargo.
# It is not intended for manual editing.
version = 3

[[package]]
name = "basic-workflow"
version = "0.1.0"
dependencies = [
 "tracel",
]

[[package]]
name = "heat-sdk"
version = "0.1.0"

[[package]]
name = "tracel"
version = "0.1.0"
dependencies = [
 "heat-sdk",
]
